
Microsoft Visual Studio Solution File, Format Version 12.00
# Visual Studio 2017
Project("{FAE04EC0-301F-11D3-BF4B-00C04F79EFBC}") = "KidKitApp", "KidKitApp.csproj", "{655008C6-6168-199C-39DA-B000703A00E7}"
EndProject
Project("{FAE04EC0-301F-11D3-BF4B-00C04F79EFBC}") = "KidKitApp.Editor", "KidKitApp.Editor.csproj", "{77C35ABF-93CD-2956-24AD-62A78FF20440}"
EndProject
Global
	GlobalSection(SolutionConfigurationPlatforms) = preSolution
		Debug|Any CPU = Debug|Any CPU
		Release|Any CPU = Release|Any CPU
	EndGlobalSection
	GlobalSection(ProjectConfigurationPlatforms) = postSolution
		{655008C6-6168-199C-39DA-B000703A00E7}.Debug|Any CPU.ActiveCfg = Debug|Any CPU
		{655008C6-6168-199C-39DA-B000703A00E7}.Debug|Any CPU.Build.0 = Debug|Any CPU
		{655008C6-6168-199C-39DA-B000703A00E7}.Release|Any CPU.ActiveCfg = Release|Any CPU
		{655008C6-6168-199C-39DA-B000703A00E7}.Release|Any CPU.Build.0 = Release|Any CPU
		{77C35ABF-93CD-2956-24AD-62A78FF20440}.Debug|Any CPU.ActiveCfg = Debug|Any CPU
		{77C35ABF-93CD-2956-24AD-62A78FF20440}.Debug|Any CPU.Build.0 = Debug|Any CPU
		{77C35ABF-93CD-2956-24AD-62A78FF20440}.Release|Any CPU.ActiveCfg = Release|Any CPU
		{77C35ABF-93CD-2956-24AD-62A78FF20440}.Release|Any CPU.Build.0 = Release|Any CPU
	EndGlobalSection
	GlobalSection(SolutionProperties) = preSolution
		HideSolutionNode = FALSE
	EndGlobalSection
EndGlobal
